
Microsoft Visual Studio Solution File, Format Version 9.00
# Visual Studio 2005
# SharpDevelop 2.2.1.2648
Project("{FAE04EC0-301F-11D3-BF4B-00C04F79EFBC}") = "OWNet", "OWNet.csproj", "{8EA818FB-BE62-4800-B62D-2F0C25456CB6}"
EndProject
Project("{FAE04EC0-301F-11D3-BF4B-00C04F79EFBC}") = "test", "test\test.csproj", "{EDE27672-9A7D-4824-B533-8F2D32784FB9}"
EndProject
Global
	GlobalSection(SolutionConfigurationPlatforms) = preSolution
		Debug|Any CPU = Debug|Any CPU
		Release|Any CPU = Release|Any CPU
	EndGlobalSection
	GlobalSection(ProjectConfigurationPlatforms) = postSolution
		{8EA818FB-BE62-4800-B62D-2F0C25456CB6}.Debug|Any CPU.Build.0 = Debug|Any CPU
		{8EA818FB-BE62-4800-B62D-2F0C25456CB6}.Debug|Any CPU.ActiveCfg = Debug|Any CPU
		{8EA818FB-BE62-4800-B62D-2F0C25456CB6}.Release|Any CPU.Build.0 = Release|Any CPU
		{8EA818FB-BE62-4800-B62D-2F0C25456CB6}.Release|Any CPU.ActiveCfg = Release|Any CPU
		{EDE27672-9A7D-4824-B533-8F2D32784FB9}.Debug|Any CPU.Build.0 = Debug|Any CPU
		{EDE27672-9A7D-4824-B533-8F2D32784FB9}.Debug|Any CPU.ActiveCfg = Debug|Any CPU
		{EDE27672-9A7D-4824-B533-8F2D32784FB9}.Release|Any CPU.Build.0 = Release|Any CPU
		{EDE27672-9A7D-4824-B533-8F2D32784FB9}.Release|Any CPU.ActiveCfg = Release|Any CPU
		{C7D08F6D-F9B5-4351-97CA-492B07797603}.Debug|Any CPU.Build.0 = Debug|Any CPU
		{C7D08F6D-F9B5-4351-97CA-492B07797603}.Debug|Any CPU.ActiveCfg = Debug|Any CPU
		{C7D08F6D-F9B5-4351-97CA-492B07797603}.Release|Any CPU.Build.0 = Release|Any CPU
		{C7D08F6D-F9B5-4351-97CA-492B07797603}.Release|Any CPU.ActiveCfg = Release|Any CPU
	EndGlobalSection
EndGlobal
